Microsoft Visual Studio Solution File, Format Version 12.00
# Visual Studio Version 17
VisualStudioVersion = 17.5.2.0
MinimumVisualStudioVersion = 10.0.40219.1
Project("{2150E333-8FDC-42A3-9474-1A3956D46DE8}") = "RecipeApp-backend", "RecipeApp-backend", "{3DF6646F-FC9F-3680-DD57-6B87A029D350}"
EndProject
Project("{FAE04EC0-301F-11D3-BF4B-00C04F79EFBC}") = "RecipeApp.Api", "RecipeApp-backend\RecipeApp.Api\RecipeApp.Api.csproj", "{580FCF6A-5E1D-46F1-7C06-2FCA1CE4B154}"
EndProject
Global
	GlobalSection(SolutionConfigurationPlatforms) = preSolution
		Debug|Any CPU = Debug|Any CPU
		Release|Any CPU = Release|Any CPU
	EndGlobalSection
	GlobalSection(ProjectConfigurationPlatforms) = postSolution
		{580FCF6A-5E1D-46F1-7C06-2FCA1CE4B154}.Debug|Any CPU.ActiveCfg = Debug|Any CPU
		{580FCF6A-5E1D-46F1-7C06-2FCA1CE4B154}.Debug|Any CPU.Build.0 = Debug|Any CPU
		{580FCF6A-5E1D-46F1-7C06-2FCA1CE4B154}.Release|Any CPU.ActiveCfg = Release|Any CPU
		{580FCF6A-5E1D-46F1-7C06-2FCA1CE4B154}.Release|Any CPU.Build.0 = Release|Any CPU
	EndGlobalSection
	GlobalSection(SolutionProperties) = preSolution
		HideSolutionNode = FALSE
	EndGlobalSection
	GlobalSection(NestedProjects) = preSolution
		{580FCF6A-5E1D-46F1-7C06-2FCA1CE4B154} = {3DF6646F-FC9F-3680-DD57-6B87A029D350}
	EndGlobalSection
	GlobalSection(ExtensibilityGlobals) = postSolution
		SolutionGuid = {CC8E56D5-3224-4A1E-B6E5-513AFFFFF322}
	EndGlobalSection
EndGlobal
